// !$*UTF8*$!
{
	archiveVersion = 1;
	classes = {
	};
	objectVersion = 55;
	objects = {

/* Begin PBXBuildFile section */
		BD47AA6F28F16CB40089256C /* ApiManager.swift in Sources */ = {isa = PBXBuildFile; fileRef = BD47AA6E28F16CB40089256C /* ApiManager.swift */; };
		BDC55739287C7FF200D932B6 /* AppDelegate.swift in Sources */ = {isa = PBXBuildFile; fileRef = BDC55738287C7FF200D932B6 /* AppDelegate.swift */; };
		BDC5573B287C7FF200D932B6 /* SceneDelegate.swift in Sources */ = {isa = PBXBuildFile; fileRef = BDC5573A287C7FF200D932B6 /* SceneDelegate.swift */; };
		BDC5573D287C7FF200D932B6 /* CurrentWeatherVC.swift in Sources */ = {isa = PBXBuildFile; fileRef = BDC5573C287C7FF200D932B6 /* CurrentWeatherVC.swift */; };
		BDC55740287C7FF200D932B6 /* Main.storyboard in Resources */ = {isa = PBXBuildFile; fileRef = BDC5573E287C7FF200D932B6 /* Main.storyboard */; };
		BDC55742287C7FF700D932B6 /* Assets.xcassets in Resources */ = {isa = PBXBuildFile; fileRef = BDC55741287C7FF700D932B6 /* Assets.xcassets */; };
		BDC55745287C7FF700D932B6 /* LaunchScreen.storyboard in Resources */ = {isa = PBXBuildFile; fileRef = BDC55743287C7FF700D932B6 /* LaunchScreen.storyboard */; };
		BDC55750287C81CF00D932B6 /* OpenWeatherResponse.swift in Sources */ = {isa = PBXBuildFile; fileRef = BDC5574F287C81CF00D932B6 /* OpenWeatherResponse.swift */; };
/* End PBXBuildFile section */

/* Begin PBXFileReference section */
		BD47AA6E28F16CB40089256C /* ApiManager.swift */ = {isa = PBXFileReference; lastKnownFileType = sourcecode.swift; path = ApiManager.swift; sourceTree = "<group>"; };
		BDC55735287C7FF200D932B6 /* WeatherCustomApp.app */ = {isa = PBXFileReference; explicitFileType = wrapper.application; includeInIndex = 0; path = WeatherCustomApp.app; sourceTree = BUILT_PRODUCTS_DIR; };
		BDC55738287C7FF200D932B6 /* AppDelegate.swift */ = {isa = PBXFileReference; lastKnownFileType = sourcecode.swift; path = AppDelegate.swift; sourceTree = "<group>"; };
		BDC5573A287C7FF200D932B6 /* SceneDelegate.swift */ = {isa = PBXFileReference; lastKnownFileType = sourcecode.swift; path = SceneDelegate.swift; sourceTree = "<group>"; };
		BDC5573C287C7FF200D932B6 /* CurrentWeatherVC.swift */ = {isa = PBXFileReference; lastKnownFileType = sourcecode.swift; path = CurrentWeatherVC.swift; sourceTree = "<group>"; };
		BDC5573F287C7FF200D932B6 /* Base */ = {isa = PBXFileReference; lastKnownFileType = file.storyboard; name = Base; path = Base.lproj/Main.storyboard; sourceTree = "<group>"; };
		BDC55741287C7FF700D932B6 /* Assets.xcassets */ = {isa = PBXFileReference; lastKnownFileType = folder.assetcatalog; path = Assets.xcassets; sourceTree = "<group>"; };
		BDC55744287C7FF700D932B6 /* Base */ = {isa = PBXFileReference; lastKnownFileType = file.storyboard; name = Base; path = Base.lproj/LaunchScreen.storyboard; sourceTree = "<group>"; };
		BDC55746287C7FF700D932B6 /* Info.plist */ = {isa = PBXFileReference; lastKnownFileType = text.plist.xml; path = Info.plist; sourceTree = "<group>"; };
		BDC5574F287C81CF00D932B6 /* OpenWeatherResponse.swift */ = {isa = PBXFileReference; lastKnownFileType = sourcecode.swift; path = OpenWeatherResponse.swift; sourceTree = "<group>"; };
/* End PBXFileReference section */

/* Begin PBXFrameworksBuildPhase section */
		BDC55732287C7FF200D932B6 /* Frameworks */ = {
			isa = PBXFrameworksBuildPhase;
			buildActionMask = 2147483647;
			files = (
			);
			runOnlyForDeploymentPostprocessing = 0;
		};
/* End PBXFrameworksBuildPhase section */

/* Begin PBXGroup section */
		BD4FDB922ACC882600CE9789 /* Storyboard */ = {
			isa = PBXGroup;
			children = (
				BDC5573E287C7FF200D932B6 /* Main.storyboard */,
			);
			path = Storyboard;
			sourceTree = "<group>";
		};
		BDC5572C287C7FF200D932B6 = {
			isa = PBXGroup;
			children = (
				BDC55737287C7FF200D932B6 /* WeatherCustomApp */,
				BDC55736287C7FF200D932B6 /* Products */,
			);
			sourceTree = "<group>";
		};
		BDC55736287C7FF200D932B6 /* Products */ = {
			isa = PBXGroup;
			children = (
				BDC55735287C7FF200D932B6 /* WeatherCustomApp.app */,
			);
			name = Products;
			sourceTree = "<group>";
		};
		BDC55737287C7FF200D932B6 /* WeatherCustomApp */ = {
			isa = PBXGroup;
			children = (
				BDC55738287C7FF200D932B6 /* AppDelegate.swift */,
				BDC5573A287C7FF200D932B6 /* SceneDelegate.swift */,
				BDC5574C287C804100D932B6 /* ViewController */,
				BDC55751287C81E900D932B6 /* Model */,
				BDC55752287C828900D932B6 /* Api */,
				BD4FDB922ACC882600CE9789 /* Storyboard */,
				BDC55741287C7FF700D932B6 /* Assets.xcassets */,
				BDC55743287C7FF700D932B6 /* LaunchScreen.storyboard */,
				BDC55746287C7FF700D932B6 /* Info.plist */,
			);
			path = WeatherCustomApp;
			sourceTree = "<group>";
		};
		BDC5574C287C804100D932B6 /* ViewController */ = {
			isa = PBXGroup;
			children = (
				BDC5573C287C7FF200D932B6 /* CurrentWeatherVC.swift */,
			);
			path = ViewController;
			sourceTree = "<group>";
		};
		BDC55751287C81E900D932B6 /* Model */ = {
			isa = PBXGroup;
			children = (
				BDC5574F287C81CF00D932B6 /* OpenWeatherResponse.swift */,
			);
			path = Model;
			sourceTree = "<group>";
		};
		BDC55752287C828900D932B6 /* Api */ = {
			isa = PBXGroup;
			children = (
				BD47AA6E28F16CB40089256C /* ApiManager.swift */,
			);
			path = Api;
			sourceTree = "<group>";
		};
/* End PBXGroup section */

/* Begin PBXNativeTarget section */
		BDC55734287C7FF200D932B6 /* WeatherCustomApp */ = {
			isa = PBXNativeTarget;
			buildConfigurationList = BDC55749287C7FF700D932B6 /* Build configuration list for PBXNativeTarget "WeatherCustomApp" */;
			buildPhases = (
				BDC55731287C7FF200D932B6 /* Sources */,
				BDC55732287C7FF200D932B6 /* Frameworks */,
				BDC55733287C7FF200D932B6 /* Resources */,
			);
			buildRules = (
			);
			dependencies = (
			);
			name = WeatherCustomApp;
			productName = WeatherCustomApp;
			productReference = BDC55735287C7FF200D932B6 /* WeatherCustomApp.app */;
			productType = "com.apple.product-type.application";
		};
/* End PBXNativeTarget section */

/* Begin PBXProject section */
		BDC5572D287C7FF200D932B6 /* Project object */ = {
			isa = PBXProject;
			attributes = {
				BuildIndependentTargetsInParallel = 1;
				LastSwiftUpdateCheck = 1320;
				LastUpgradeCheck = 1320;
				TargetAttributes = {
					BDC55734287C7FF200D932B6 = {
						CreatedOnToolsVersion = 13.2.1;
					};
				};
			};
			buildConfigurationList = BDC55730287C7FF200D932B6 /* Build configuration list for PBXProject "WeatherCustomApp" */;
			compatibilityVersion = "Xcode 13.0";
			developmentRegion = en;
			hasScannedForEncodings = 0;
			knownRegions = (
				en,
				Base,
			);
			mainGroup = BDC5572C287C7FF200D932B6;
			productRefGroup = BDC55736287C7FF200D932B6 /* Products */;
			projectDirPath = "";
			projectRoot = "";
			targets = (
				BDC55734287C7FF200D932B6 /* WeatherCustomApp */,
			);
		};
/* End PBXProject section */

/* Begin PBXResourcesBuildPhase section */
		BDC55733287C7FF200D932B6 /* Resources */ = {
			isa = PBXResourcesBuildPhase;
			buildActionMask = 2147483647;
			files = (
				BDC55745287C7FF700D932B6 /* LaunchScreen.storyboard in Resources */,
				BDC55742287C7FF700D932B6 /* Assets.xcassets in Resources */,
				BDC55740287C7FF200D932B6 /* Main.storyboard in Resources */,
			);
			runOnlyForDeploymentPostprocessing = 0;
		};
/* End PBXResourcesBuildPhase section */

/* Begin PBXSourcesBuildPhase section */
		BDC55731287C7FF200D932B6 /* Sources */ = {
			isa = PBXSourcesBuildPhase;
			buildActionMask = 2147483647;
			files = (
				BDC5573D287C7FF200D932B6 /* CurrentWeatherVC.swift in Sources */,
				BD47AA6F28F16CB40089256C /* ApiManager.swift in Sources */,
				BDC55750287C81CF00D932B6 /* OpenWeatherResponse.swift in Sources */,
				BDC55739287C7FF200D932B6 /* AppDelegate.swift in Sources */,
				BDC5573B287C7FF200D932B6 /* SceneDelegate.swift in Sources */,
			);
			runOnlyForDeploymentPostprocessing = 0;
		};
/* End PBXSourcesBuildPhase section */

/* Begin PBXVariantGroup section */
		BDC5573E287C7FF200D932B6 /* Main.storyboard */ = {
			isa = PBXVariantGroup;
			children = (
				BDC5573F287C7FF200D932B6 /* Base */,
			);
			name = Main.storyboard;
			sourceTree = "<group>";
		};
		BDC55743287C7FF700D932B6 /* LaunchScreen.storyboard */ = {
			isa = PBXVariantGroup;
			children = (
				BDC55744287C7FF700D932B6 /* Base */,
			);
			name = LaunchScreen.storyboard;
			sourceTree = "<group>";
		};
/* End PBXVariantGroup section */

/* Begin XCBuildConfiguration section */
		BDC55747287C7FF700D932B6 /* Debug */ = {
			isa = XCBuildConfiguration;
			buildSettings = {
				ALWAYS_SEARCH_USER_PATHS = NO;
				CLANG_ANALYZER_NONNULL = YES;
				CLANG_ANALYZER_NUMBER_OBJECT_CONVERSION = YES_AGGRESSIVE;
				CLANG_CXX_LANGUAGE_STANDARD = "gnu++17";
				CLANG_CXX_LIBRARY = "libc++";
				CLANG_ENABLE_MODULES = YES;
				CLANG_ENABLE_OBJC_ARC = YES;
				CLANG_ENABLE_OBJC_WEAK = YES;
				CLANG_WARN_BLOCK_CAPTURE_AUTORELEASING = YES;
				CLANG_WARN_BOOL_CONVERSION = YES;
				CLANG_WARN_COMMA = YES;
				CLANG_WARN_CONSTANT_CONVERSION = YES;
				CLANG_WARN_DEPRECATED_OBJC_IMPLEMENTATIONS = YES;
				CLANG_WARN_DIRECT_OBJC_ISA_USAGE = YES_ERROR;
				CLANG_WARN_DOCUMENTATION_COMMENTS = YES;
				CLANG_WARN_EMPTY_BODY = YES;
				CLANG_WARN_ENUM_CONVERSION = YES;
				CLANG_WARN_INFINITE_RECURSION = YES;
				CLANG_WARN_INT_CONVERSION = YES;
				CLANG_WARN_NON_LITERAL_NULL_CONVERSION = YES;
				CLANG_WARN_OBJC_IMPLICIT_RETAIN_SELF = YES;
				CLANG_WARN_OBJC_LITERAL_CONVERSION = YES;
				CLANG_WARN_OBJC_ROOT_CLASS = YES_ERROR;
				CLANG_WARN_QUOTED_INCLUDE_IN_FRAMEWORK_HEADER = YES;
				CLANG_WARN_RANGE_LOOP_ANALYSIS = YES;
				CLANG_WARN_STRICT_PROTOTYPES = YES;
				CLANG_WARN_SUSPICIOUS_MOVE = YES;
				CLANG_WARN_UNGUARDED_AVAILABILITY = YES_AGGRESSIVE;
				CLANG_WARN_UNREACHABLE_CODE = YES;
				CLANG_WARN__DUPLICATE_METHOD_MATCH = YES;
				COPY_PHASE_STRIP = NO;
				DEBUG_INFORMATION_FORMAT = dwarf;
				ENABLE_STRICT_OBJC_MSGSEND = YES;
				ENABLE_TESTABILITY = YES;
				GCC_C_LANGUAGE_STANDARD = gnu11;
				GCC_DYNAMIC_NO_PIC = NO;
				GCC_NO_COMMON_BLOCKS = YES;
				GCC_OPTIMIZATION_LEVEL = 0;
				GCC_PREPROCESSOR_DEFINITIONS = (
					"DEBUG=1",
					"$(inherited)",
				);
				GCC_WARN_64_TO_32_BIT_CONVERSION = YES;
				GCC_WARN_ABOUT_RETURN_TYPE = YES_ERROR;
				GCC_WARN_UNDECLARED_SELECTOR = YES;
				GCC_WARN_UNINITIALIZED_AUTOS = YES_AGGRESSIVE;
				GCC_WARN_UNUSED_FUNCTION = YES;
				GCC_WARN_UNUSED_VARIABLE = YES;
				IPHONEOS_DEPLOYMENT_TARGET = 15.2;
				MTL_ENABLE_DEBUG_INFO = INCLUDE_SOURCE;
				MTL_FAST_MATH = YES;
				ONLY_ACTIVE_ARCH = YES;
				SDKROOT = iphoneos;
				SWIFT_ACTIVE_COMPILATION_CONDITIONS = DEBUG;
				SWIFT_OPTIMIZATION_LEVEL = "-Onone";
			};
			name = Debug;
		};
		BDC55748287C7FF700D932B6 /* Release */ = {
			isa = XCBuildConfiguration;
			buildSettings = {
				ALWAYS_SEARCH_USER_PATHS = NO;
				CLANG_ANALYZER_NONNULL = YES;
				CLANG_ANALYZER_NUMBER_OBJECT_CONVERSION = YES_AGGRESSIVE;
				CLANG_CXX_LANGUAGE_STANDARD = "gnu++17";
				CLANG_CXX_LIBRARY = "libc++";
				CLANG_ENABLE_MODULES = YES;
				CLANG_ENABLE_OBJC_ARC = YES;
				CLANG_ENABLE_OBJC_WEAK = YES;
				CLANG_WARN_BLOCK_CAPTURE_AUTORELEASING = YES;
				CLANG_WARN_BOOL_CONVERSION = YES;
				CLANG_WARN_COMMA = YES;
				CLANG_WARN_CONSTANT_CONVERSION = YES;
				CLANG_WARN_DEPRECATED_OBJC_IMPLEMENTATIONS = YES;
				CLANG_WARN_DIRECT_OBJC_ISA_USAGE = YES_ERROR;
				CLANG_WARN_DOCUMENTATION_COMMENTS = YES;
				CLANG_WARN_EMPTY_BODY = YES;
				CLANG_WARN_ENUM_CONVERSION = YES;
				CLANG_WARN_INFINITE_RECURSION = YES;
				CLANG_WARN_INT_CONVERSION = YES;
				CLANG_WARN_NON_LITERAL_NULL_CONVERSION = YES;
				CLANG_WARN_OBJC_IMPLICIT_RETAIN_SELF = YES;
				CLANG_WARN_OBJC_LITERAL_CONVERSION = YES;
				CLANG_WARN_OBJC_ROOT_CLASS = YES_ERROR;
				CLANG_WARN_QUOTED_INCLUDE_IN_FRAMEWORK_HEADER = YES;
				CLANG_WARN_RANGE_LOOP_ANALYSIS = YES;
				CLANG_WARN_STRICT_PROTOTYPES = YES;
				CLANG_WARN_SUSPICIOUS_MOVE = YES;
				CLANG_WARN_UNGUARDED_AVAILABILITY = YES_AGGRESSIVE;
				CLANG_WARN_UNREACHABLE_CODE = YES;
				CLANG_WARN__DUPLICATE_METHOD_MATCH = YES;
				COPY_PHASE_STRIP = NO;
				DEBUG_INFORMATION_FORMAT = "dwarf-with-dsym";
				ENABLE_NS_ASSERTIONS = NO;
				ENABLE_STRICT_OBJC_MSGSEND = YES;
				GCC_C_LANGUAGE_STANDARD = gnu11;
				GCC_NO_COMMON_BLOCKS = YES;
				GCC_WARN_64_TO_32_BIT_CONVERSION = YES;
				GCC_WARN_ABOUT_RETURN_TYPE = YES_ERROR;
				GCC_WARN_UNDECLARED_SELECTOR = YES;
				GCC_WARN_UNINITIALIZED_AUTOS = YES_AGGRESSIVE;
				GCC_WARN_UNUSED_FUNCTION = YES;
				GCC_WARN_UNUSED_VARIABLE = YES;
				IPHONEOS_DEPLOYMENT_TARGET = 15.2;
				MTL_ENABLE_DEBUG_INFO = NO;
				MTL_FAST_MATH = YES;
				SDKROOT = iphoneos;
				SWIFT_COMPILATION_MODE = wholemodule;
				SWIFT_OPTIMIZATION_LEVEL = "-O";
				VALIDATE_PRODUCT = YES;
			};
			name = Release;
		};
		BDC5574A287C7FF700D932B6 /* Debug */ = {
			isa = XCBuildConfiguration;
			buildSettings = {
				ASSETCATALOG_COMPILER_APPICON_NAME = AppIcon;
				ASSETCATALOG_COMPILER_GLOBAL_ACCENT_COLOR_NAME = AccentColor;
				CODE_SIGN_STYLE = Automatic;
				CURRENT_PROJECT_VERSION = 1;
				DEVELOPMENT_TEAM = 7P4KKFVS5Y;
				GENERATE_INFOPLIST_FILE = YES;
				INFOPLIST_FILE = WeatherCustomApp/Info.plist;
				INFOPLIST_KEY_CFBundleDisplayName = WeatherCustomApp;
				INFOPLIST_KEY_UIApplicationSupportsIndirectInputEvents = YES;
				INFOPLIST_KEY_UILaunchStoryboardName = LaunchScreen;
				INFOPLIST_KEY_UIMainStoryboardFile = Main;
				INFOPLIST_KEY_UISupportedInterfaceOrientations_iPad = "UIInterfaceOrientationPortrait UIInterfaceOrientationPortraitUpsideDown UIInterfaceOrientationLandscapeLeft UIInterfaceOrientationLandscapeRight";
				INFOPLIST_KEY_UISupportedInterfaceOrientations_iPhone = "UIInterfaceOrientationPortrait UIInterfaceOrientationLandscapeLeft UIInterfaceOrientationLandscapeRight";
				LD_RUNPATH_SEARCH_PATHS = (
					"$(inherited)",
					"@executable_path/Frameworks",
				);
				MARKETING_VERSION = 1.0;
				PRODUCT_BUNDLE_IDENTIFIER = stefanruzic.WeatherCustomApp;
				PRODUCT_NAME = "$(TARGET_NAME)";
				SWIFT_EMIT_LOC_STRINGS = YES;
				SWIFT_VERSION = 5.0;
				TARGETED_DEVICE_FAMILY = "1,2";
			};
			name = Debug;
		};
		BDC5574B287C7FF700D932B6 /* Release */ = {
			isa = XCBuildConfiguration;
			buildSettings = {
				ASSETCATALOG_COMPILER_APPICON_NAME = AppIcon;
				ASSETCATALOG_COMPILER_GLOBAL_ACCENT_COLOR_NAME = AccentColor;
				CODE_SIGN_STYLE = Automatic;
				CURRENT_PROJECT_VERSION = 1;
				DEVELOPMENT_TEAM = 7P4KKFVS5Y;
				GENERATE_INFOPLIST_FILE = YES;
				INFOPLIST_FILE = WeatherCustomApp/Info.plist;
				INFOPLIST_KEY_CFBundleDisplayName = WeatherCustomApp;
				INFOPLIST_KEY_UIApplicationSupportsIndirectInputEvents = YES;
				INFOPLIST_KEY_UILaunchStoryboardName = LaunchScreen;
				INFOPLIST_KEY_UIMainStoryboardFile = Main;
				INFOPLIST_KEY_UISupportedInterfaceOrientations_iPad = "UIInterfaceOrientationPortrait UIInterfaceOrientationPortraitUpsideDown UIInterfaceOrientationLandscapeLeft UIInterfaceOrientationLandscapeRight";
				INFOPLIST_KEY_UISupportedInterfaceOrientations_iPhone = "UIInterfaceOrientationPortrait UIInterfaceOrientationLandscapeLeft UIInterfaceOrientationLandscapeRight";
				LD_RUNPATH_SEARCH_PATHS = (
					"$(inherited)",
					"@executable_path/Frameworks",
				);
				MARKETING_VERSION = 1.0;
				PRODUCT_BUNDLE_IDENTIFIER = stefanruzic.WeatherCustomApp;
				PRODUCT_NAME = "$(TARGET_NAME)";
				SWIFT_EMIT_LOC_STRINGS = YES;
				SWIFT_VERSION = 5.0;
				TARGETED_DEVICE_FAMILY = "1,2";
			};
			name = Release;
		};
/* End XCBuildConfiguration section */

/* Begin XCConfigurationList section */
		BDC55730287C7FF200D932B6 /* Build configuration list for PBXProject "WeatherCustomApp" */ = {
			isa = XCConfigurationList;
			buildConfigurations = (
				BDC55747287C7FF700D932B6 /* Debug */,
				BDC55748287C7FF700D932B6 /* Release */,
			);
			defaultConfigurationIsVisible = 0;
			defaultConfigurationName = Release;
		};
		BDC55749287C7FF700D932B6 /* Build configuration list for PBXNativeTarget "WeatherCustomApp" */ = {
			isa = XCConfigurationList;
			buildConfigurations = (
				BDC5574A287C7FF700D932B6 /* Debug */,
				BDC5574B287C7FF700D932B6 /* Release */,
			);
			defaultConfigurationIsVisible = 0;
			defaultConfigurationName = Release;
		};
/* End XCConfigurationList section */
	};
	rootObject = BDC5572D287C7FF200D932B6 /* Project object */;
}
